// !$*UTF8*$!
{
	archiveVersion = 1;
	classes = {
	};
	objectVersion = 46;
	objects = {

/* Begin PBXBuildFile section */
		A21FFEBC4BC049868F3D8B7F /* libPods.a in Frameworks */ = {isa = PBXBuildFile; fileRef = 7B0C3D004A70467FB3936F63 /* libPods.a */; };
		EA44BF2A177C9AE4004B58BB /* UIKit.framework in Frameworks */ = {isa = PBXBuildFile; fileRef = EA44BF29177C9AE4004B58BB /* UIKit.framework */; };
		EA44BF2C177C9AE4004B58BB /* Foundation.framework in Frameworks */ = {isa = PBXBuildFile; fileRef = EA44BF2B177C9AE4004B58BB /* Foundation.framework */; };
		EA44BF2E177C9AE4004B58BB /* CoreGraphics.framework in Frameworks */ = {isa = PBXBuildFile; fileRef = EA44BF2D177C9AE4004B58BB /* CoreGraphics.framework */; };
		EA44BF34177C9AE4004B58BB /* InfoPlist.strings in Resources */ = {isa = PBXBuildFile; fileRef = EA44BF32177C9AE4004B58BB /* InfoPlist.strings */; };
		EA44BF36177C9AE4004B58BB /* main.m in Sources */ = {isa = PBXBuildFile; fileRef = EA44BF35177C9AE4004B58BB /* main.m */; };
		EA44BF3A177C9AE4004B58BB /* PPAppDelegate.m in Sources */ = {isa = PBXBuildFile; fileRef = EA44BF39177C9AE4004B58BB /* PPAppDelegate.m */; };
		EA44BF3C177C9AE4004B58BB /* Default.png in Resources */ = {isa = PBXBuildFile; fileRef = EA44BF3B177C9AE4004B58BB /* Default.png */; };
		EA44BF3E177C9AE4004B58BB /* Default@2x.png in Resources */ = {isa = PBXBuildFile; fileRef = EA44BF3D177C9AE4004B58BB /* Default@2x.png */; };
		EA44BF40177C9AE4004B58BB /* Default-568h@2x.png in Resources */ = {isa = PBXBuildFile; fileRef = EA44BF3F177C9AE4004B58BB /* Default-568h@2x.png */; };
		EA44BF43177C9AE4004B58BB /* MainStoryboard.storyboard in Resources */ = {isa = PBXBuildFile; fileRef = EA44BF41177C9AE4004B58BB /* MainStoryboard.storyboard */; };
		EA44BF4E177E0DD0004B58BB /* PPJukeboxesViewController.m in Sources */ = {isa = PBXBuildFile; fileRef = EA44BF4D177E0DD0004B58BB /* PPJukeboxesViewController.m */; };
		EA44BF51177E0F2F004B58BB /* PPUDPClient.m in Sources */ = {isa = PBXBuildFile; fileRef = EA44BF50177E0F2F004B58BB /* PPUDPClient.m */; };
		EA44BF54177E286B004B58BB /* PPNowPlayingViewController.m in Sources */ = {isa = PBXBuildFile; fileRef = EA44BF53177E286B004B58BB /* PPNowPlayingViewController.m */; };
		EA44BF5D177E2F9C004B58BB /* FAImageView.m in Sources */ = {isa = PBXBuildFile; fileRef = EA44BF57177E2F9C004B58BB /* FAImageView.m */; };
		EA44BF5E177E2F9C004B58BB /* FontAwesome.ttf in Resources */ = {isa = PBXBuildFile; fileRef = EA44BF58177E2F9C004B58BB /* FontAwesome.ttf */; };
		EA44BF5F177E2F9C004B58BB /* NSString+FontAwesome.m in Sources */ = {isa = PBXBuildFile; fileRef = EA44BF5A177E2F9C004B58BB /* NSString+FontAwesome.m */; };
		EA44BF60177E2F9C004B58BB /* UIFont+FontAwesome.m in Sources */ = {isa = PBXBuildFile; fileRef = EA44BF5C177E2F9C004B58BB /* UIFont+FontAwesome.m */; };
		EA44BF741780B899004B58BB /* exclamation-sign.png in Resources */ = {isa = PBXBuildFile; fileRef = EA44BF731780B899004B58BB /* exclamation-sign.png */; };
		EAE5EF5C17810F2A0091940B /* exclamation-sign@2x.png in Resources */ = {isa = PBXBuildFile; fileRef = EAE5EF5B17810F2A0091940B /* exclamation-sign@2x.png */; };
		EAE5EF5F17810F5A0091940B /* PPSearchViewController.m in Sources */ = {isa = PBXBuildFile; fileRef = EAE5EF5E17810F5A0091940B /* PPSearchViewController.m */; };
		EAE5EF621781203C0091940B /* PPSongViewController.m in Sources */ = {isa = PBXBuildFile; fileRef = EAE5EF611781203C0091940B /* PPSongViewController.m */; };
		EAE5EF65178127F80091940B /* PPPlaylistsViewController.m in Sources */ = {isa = PBXBuildFile; fileRef = EAE5EF64178127F80091940B /* PPPlaylistsViewController.m */; };
		EAE5EF68178129EB0091940B /* PPPlaylistViewController.m in Sources */ = {isa = PBXBuildFile; fileRef = EAE5EF67178129EB0091940B /* PPPlaylistViewController.m */; };
		EAE5EF6B1781AA3E0091940B /* PPCurrentPlaylistViewController.m in Sources */ = {isa = PBXBuildFile; fileRef = EAE5EF6A1781AA3E0091940B /* PPCurrentPlaylistViewController.m */; };
		EAE5EF6D17822F1A0091940B /* private.plist in Resources */ = {isa = PBXBuildFile; fileRef = EAE5EF6C17822F1A0091940B /* private.plist */; };
		EAE5EFAF178362D10091940B /* 0-selected.png in Resources */ = {isa = PBXBuildFile; fileRef = EAE5EF73178362D10091940B /* 0-selected.png */; };
		EAE5EFB0178362D10091940B /* 0-selected@2x.png in Resources */ = {isa = PBXBuildFile; fileRef = EAE5EF74178362D10091940B /* 0-selected@2x.png */; };
		EAE5EFB1178362D10091940B /* 0.png in Resources */ = {isa = PBXBuildFile; fileRef = EAE5EF75178362D10091940B /* 0.png */; };
		EAE5EFB2178362D10091940B /* 0@2x.png in Resources */ = {isa = PBXBuildFile; fileRef = EAE5EF76178362D10091940B /* 0@2x.png */; };
		EAE5EFB3178362D10091940B /* 1-selected.png in Resources */ = {isa = PBXBuildFile; fileRef = EAE5EF77178362D10091940B /* 1-selected.png */; };
		EAE5EFB4178362D10091940B /* 1-selected@2x.png in Resources */ = {isa = PBXBuildFile; fileRef = EAE5EF78178362D10091940B /* 1-selected@2x.png */; };
		EAE5EFB5178362D10091940B /* 1.png in Resources */ = {isa = PBXBuildFile; fileRef = EAE5EF79178362D10091940B /* 1.png */; };
		EAE5EFB6178362D10091940B /* 1@2x.png in Resources */ = {isa = PBXBuildFile; fileRef = EAE5EF7A178362D10091940B /* 1@2x.png */; };
		EAE5EFB7178362D10091940B /* 2-selected.png in Resources */ = {isa = PBXBuildFile; fileRef = EAE5EF7B178362D10091940B /* 2-selected.png */; };
		EAE5EFB8178362D10091940B /* 2-selected@2x.png in Resources */ = {isa = PBXBuildFile; fileRef = EAE5EF7C178362D10091940B /* 2-selected@2x.png */; };
		EAE5EFB9178362D10091940B /* 2.png in Resources */ = {isa = PBXBuildFile; fileRef = EAE5EF7D178362D10091940B /* 2.png */; };
		EAE5EFBA178362D10091940B /* 2@2x.png in Resources */ = {isa = PBXBuildFile; fileRef = EAE5EF7E178362D10091940B /* 2@2x.png */; };
		EAE5EFBB178362D10091940B /* 3-selected.png in Resources */ = {isa = PBXBuildFile; fileRef = EAE5EF7F178362D10091940B /* 3-selected.png */; };
		EAE5EFBC178362D10091940B /* 3-selected@2x.png in Resources */ = {isa = PBXBuildFile; fileRef = EAE5EF80178362D10091940B /* 3-selected@2x.png */; };
		EAE5EFBD178362D10091940B /* 3.png in Resources */ = {isa = PBXBuildFile; fileRef = EAE5EF81178362D10091940B /* 3.png */; };
		EAE5EFBE178362D10091940B /* 3@2x.png in Resources */ = {isa = PBXBuildFile; fileRef = EAE5EF82178362D10091940B /* 3@2x.png */; };
		EAE5EFBF178362D10091940B /* 4-selected.png in Resources */ = {isa = PBXBuildFile; fileRef = EAE5EF83178362D10091940B /* 4-selected.png */; };
		EAE5EFC0178362D10091940B /* 4-selected@2x.png in Resources */ = {isa = PBXBuildFile; fileRef = EAE5EF84178362D10091940B /* 4-selected@2x.png */; };
		EAE5EFC1178362D10091940B /* 4.png in Resources */ = {isa = PBXBuildFile; fileRef = EAE5EF85178362D10091940B /* 4.png */; };
		EAE5EFC2178362D10091940B /* 4@2x.png in Resources */ = {isa = PBXBuildFile; fileRef = EAE5EF86178362D10091940B /* 4@2x.png */; };
		EAE5EFC3178362D10091940B /* 5-selected.png in Resources */ = {isa = PBXBuildFile; fileRef = EAE5EF87178362D10091940B /* 5-selected.png */; };
		EAE5EFC4178362D10091940B /* 5-selected@2x.png in Resources */ = {isa = PBXBuildFile; fileRef = EAE5EF88178362D10091940B /* 5-selected@2x.png */; };
		EAE5EFC5178362D10091940B /* 5.png in Resources */ = {isa = PBXBuildFile; fileRef = EAE5EF89178362D10091940B /* 5.png */; };
		EAE5EFC6178362D10091940B /* 5@2x.png in Resources */ = {isa = PBXBuildFile; fileRef = EAE5EF8A178362D10091940B /* 5@2x.png */; };
		EAE5EFC7178362D10091940B /* 6-selected.png in Resources */ = {isa = PBXBuildFile; fileRef = EAE5EF8B178362D10091940B /* 6-selected.png */; };
		EAE5EFC8178362D10091940B /* 6-selected@2x.png in Resources */ = {isa = PBXBuildFile; fileRef = EAE5EF8C178362D10091940B /* 6-selected@2x.png */; };
		EAE5EFC9178362D10091940B /* 6.png in Resources */ = {isa = PBXBuildFile; fileRef = EAE5EF8D178362D10091940B /* 6.png */; };
		EAE5EFCA178362D10091940B /* 6@2x.png in Resources */ = {isa = PBXBuildFile; fileRef = EAE5EF8E178362D10091940B /* 6@2x.png */; };
		EAE5EFCB178362D10091940B /* 7-selected.png in Resources */ = {isa = PBXBuildFile; fileRef = EAE5EF8F178362D10091940B /* 7-selected.png */; };
		EAE5EFCC178362D10091940B /* 7-selected@2x.png in Resources */ = {isa = PBXBuildFile; fileRef = EAE5EF90178362D10091940B /* 7-selected@2x.png */; };
		EAE5EFCD178362D10091940B /* 7.png in Resources */ = {isa = PBXBuildFile; fileRef = EAE5EF91178362D10091940B /* 7.png */; };
		EAE5EFCE178362D10091940B /* 7@2x.png in Resources */ = {isa = PBXBuildFile; fileRef = EAE5EF92178362D10091940B /* 7@2x.png */; };
		EAE5EFCF178362D10091940B /* 8-selected.png in Resources */ = {isa = PBXBuildFile; fileRef = EAE5EF93178362D10091940B /* 8-selected.png */; };
		EAE5EFD0178362D10091940B /* 8-selected@2x.png in Resources */ = {isa = PBXBuildFile; fileRef = EAE5EF94178362D10091940B /* 8-selected@2x.png */; };
		EAE5EFD1178362D10091940B /* 8.png in Resources */ = {isa = PBXBuildFile; fileRef = EAE5EF95178362D10091940B /* 8.png */; };
		EAE5EFD2178362D10091940B /* 8@2x.png in Resources */ = {isa = PBXBuildFile; fileRef = EAE5EF96178362D10091940B /* 8@2x.png */; };
		EAE5EFD3178362D10091940B /* 9-selected.png in Resources */ = {isa = PBXBuildFile; fileRef = EAE5EF97178362D10091940B /* 9-selected.png */; };
		EAE5EFD4178362D10091940B /* 9-selected@2x.png in Resources */ = {isa = PBXBuildFile; fileRef = EAE5EF98178362D10091940B /* 9-selected@2x.png */; };
		EAE5EFD5178362D10091940B /* 9.png in Resources */ = {isa = PBXBuildFile; fileRef = EAE5EF99178362D10091940B /* 9.png */; };
		EAE5EFD6178362D10091940B /* 9@2x.png in Resources */ = {isa = PBXBuildFile; fileRef = EAE5EF9A178362D10091940B /* 9@2x.png */; };
		EAE5EFD7178362D10091940B /* blank.png in Resources */ = {isa = PBXBuildFile; fileRef = EAE5EF9B178362D10091940B /* blank.png */; };
		EAE5EFD8178362D10091940B /* blank@2x.png in Resources */ = {isa = PBXBuildFile; fileRef = EAE5EF9C178362D10091940B /* blank@2x.png */; };
		EAE5EFD9178362D10091940B /* clear-selected.png in Resources */ = {isa = PBXBuildFile; fileRef = EAE5EF9D178362D10091940B /* clear-selected.png */; };
		EAE5EFDA178362D10091940B /* clear-selected@2x.png in Resources */ = {isa = PBXBuildFile; fileRef = EAE5EF9E178362D10091940B /* clear-selected@2x.png */; };
		EAE5EFDB178362D10091940B /* clear.png in Resources */ = {isa = PBXBuildFile; fileRef = EAE5EF9F178362D10091940B /* clear.png */; };
		EAE5EFDC178362D10091940B /* clear@2x.png in Resources */ = {isa = PBXBuildFile; fileRef = EAE5EFA0178362D10091940B /* clear@2x.png */; };
		EAE5EFDD178362D10091940B /* EntryBox.png in Resources */ = {isa = PBXBuildFile; fileRef = EAE5EFA1178362D10091940B /* EntryBox.png */; };
		EAE5EFDE178362D10091940B /* EntryBox@2x.png in Resources */ = {isa = PBXBuildFile; fileRef = EAE5EFA2178362D10091940B /* EntryBox@2x.png */; };
		EAE5EFDF178362D10091940B /* EntryBox_entry.png in Resources */ = {isa = PBXBuildFile; fileRef = EAE5EFA3178362D10091940B /* EntryBox_entry.png */; };
		EAE5EFE0178362D10091940B /* EntryBox_entry@2x.png in Resources */ = {isa = PBXBuildFile; fileRef = EAE5EFA4178362D10091940B /* EntryBox_entry@2x.png */; };
		EAE5EFE1178362D10091940B /* error-box.png in Resources */ = {isa = PBXBuildFile; fileRef = EAE5EFA5178362D10091940B /* error-box.png */; };
		EAE5EFE2178362D10091940B /* error-box@2x.png in Resources */ = {isa = PBXBuildFile; fileRef = EAE5EFA6178362D10091940B /* error-box@2x.png */; };
		EAE5EFE3178362D10091940B /* ABPadLockScreenController.m in Sources */ = {isa = PBXBuildFile; fileRef = EAE5EFA9178362D10091940B /* ABPadLockScreenController.m */; };
		EAE5EFE4178362D10091940B /* ABPadLockScreenView_iPad.m in Sources */ = {isa = PBXBuildFile; fileRef = EAE5EFAC178362D10091940B /* ABPadLockScreenView_iPad.m */; };
		EAE5EFE5178362D10091940B /* ABPadLockScreenView_iPhone.m in Sources */ = {isa = PBXBuildFile; fileRef = EAE5EFAE178362D10091940B /* ABPadLockScreenView_iPhone.m */; };
/* End PBXBuildFile section */

/* Begin PBXFileReference section */
		3B36A18069D04EBD88AAE8DC /* Pods.xcconfig */ = {isa = PBXFileReference; includeInIndex = 1; lastKnownFileType = text.xcconfig; name = Pods.xcconfig; path = Pods/Pods.xcconfig; sourceTree = SOURCE_ROOT; };
		7B0C3D004A70467FB3936F63 /* libPods.a */ = {isa = PBXFileReference; explicitFileType = archive.ar; includeInIndex = 0; path = libPods.a; sourceTree = BUILT_PRODUCTS_DIR; };
		EA44BF26177C9AE4004B58BB /* PartyPi.app */ = {isa = PBXFileReference; explicitFileType = wrapper.application; includeInIndex = 0; path = PartyPi.app; sourceTree = BUILT_PRODUCTS_DIR; };
		EA44BF29177C9AE4004B58BB /* UIKit.framework */ = {isa = PBXFileReference; lastKnownFileType = wrapper.framework; name = UIKit.framework; path = System/Library/Frameworks/UIKit.framework; sourceTree = SDKROOT; };
		EA44BF2B177C9AE4004B58BB /* Foundation.framework */ = {isa = PBXFileReference; lastKnownFileType = wrapper.framework; name = Foundation.framework; path = System/Library/Frameworks/Foundation.framework; sourceTree = SDKROOT; };
		EA44BF2D177C9AE4004B58BB /* CoreGraphics.framework */ = {isa = PBXFileReference; lastKnownFileType = wrapper.framework; name = CoreGraphics.framework; path = System/Library/Frameworks/CoreGraphics.framework; sourceTree = SDKROOT; };
		EA44BF31177C9AE4004B58BB /* PartyPi-Info.plist */ = {isa = PBXFileReference; lastKnownFileType = text.plist.xml; path = "PartyPi-Info.plist"; sourceTree = "<group>"; };
		EA44BF33177C9AE4004B58BB /* en */ = {isa = PBXFileReference; lastKnownFileType = text.plist.strings; name = en; path = en.lproj/InfoPlist.strings; sourceTree = "<group>"; };
		EA44BF35177C9AE4004B58BB /* main.m */ = {isa = PBXFileReference; lastKnownFileType = sourcecode.c.objc; path = main.m; sourceTree = "<group>"; };
		EA44BF37177C9AE4004B58BB /* PartyPi-Prefix.pch */ = {isa = PBXFileReference; lastKnownFileType = sourcecode.c.h; path = "PartyPi-Prefix.pch"; sourceTree = "<group>"; };
		EA44BF38177C9AE4004B58BB /* PPAppDelegate.h */ = {isa = PBXFileReference; lastKnownFileType = sourcecode.c.h; path = PPAppDelegate.h; sourceTree = "<group>"; };
		EA44BF39177C9AE4004B58BB /* PPAppDelegate.m */ = {isa = PBXFileReference; lastKnownFileType = sourcecode.c.objc; path = PPAppDelegate.m; sourceTree = "<group>"; };
		EA44BF3B177C9AE4004B58BB /* Default.png */ = {isa = PBXFileReference; lastKnownFileType = image.png; path = Default.png; sourceTree = "<group>"; };
		EA44BF3D177C9AE4004B58BB /* Default@2x.png */ = {isa = PBXFileReference; lastKnownFileType = image.png; path = "Default@2x.png"; sourceTree = "<group>"; };
		EA44BF3F177C9AE4004B58BB /* Default-568h@2x.png */ = {isa = PBXFileReference; lastKnownFileType = image.png; path = "Default-568h@2x.png"; sourceTree = "<group>"; };
		EA44BF42177C9AE4004B58BB /* en */ = {isa = PBXFileReference; lastKnownFileType = file.storyboard; name = en; path = en.lproj/MainStoryboard.storyboard; sourceTree = "<group>"; };
		EA44BF4C177E0DD0004B58BB /* PPJukeboxesViewController.h */ = {isa = PBXFileReference; fileEncoding = 4; lastKnownFileType = sourcecode.c.h; path = PPJukeboxesViewController.h; sourceTree = "<group>"; };
		EA44BF4D177E0DD0004B58BB /* PPJukeboxesViewController.m */ = {isa = PBXFileReference; fileEncoding = 4; lastKnownFileType = sourcecode.c.objc; path = PPJukeboxesViewController.m; sourceTree = "<group>"; };
		EA44BF4F177E0F2F004B58BB /* PPUDPClient.h */ = {isa = PBXFileReference; fileEncoding = 4; lastKnownFileType = sourcecode.c.h; path = PPUDPClient.h; sourceTree = "<group>"; };
		EA44BF50177E0F2F004B58BB /* PPUDPClient.m */ = {isa = PBXFileReference; fileEncoding = 4; lastKnownFileType = sourcecode.c.objc; path = PPUDPClient.m; sourceTree = "<group>"; };
		EA44BF52177E286B004B58BB /* PPNowPlayingViewController.h */ = {isa = PBXFileReference; fileEncoding = 4; lastKnownFileType = sourcecode.c.h; path = PPNowPlayingViewController.h; sourceTree = "<group>"; };
		EA44BF53177E286B004B58BB /* PPNowPlayingViewController.m */ = {isa = PBXFileReference; fileEncoding = 4; lastKnownFileType = sourcecode.c.objc; path = PPNowPlayingViewController.m; sourceTree = "<group>"; };
		EA44BF56177E2F9C004B58BB /* FAImageView.h */ = {isa = PBXFileReference; fileEncoding = 4; lastKnownFileType = sourcecode.c.h; path = FAImageView.h; sourceTree = "<group>"; };
		EA44BF57177E2F9C004B58BB /* FAImageView.m */ = {isa = PBXFileReference; fileEncoding = 4; lastKnownFileType = sourcecode.c.objc; path = FAImageView.m; sourceTree = "<group>"; };
		EA44BF58177E2F9C004B58BB /* FontAwesome.ttf */ = {isa = PBXFileReference; lastKnownFileType = file; path = FontAwesome.ttf; sourceTree = "<group>"; };
		EA44BF59177E2F9C004B58BB /* NSString+FontAwesome.h */ = {isa = PBXFileReference; fileEncoding = 4; lastKnownFileType = sourcecode.c.h; path = "NSString+FontAwesome.h"; sourceTree = "<group>"; };
		EA44BF5A177E2F9C004B58BB /* NSString+FontAwesome.m */ = {isa = PBXFileReference; fileEncoding = 4; lastKnownFileType = sourcecode.c.objc; path = "NSString+FontAwesome.m"; sourceTree = "<group>"; };
		EA44BF5B177E2F9C004B58BB /* UIFont+FontAwesome.h */ = {isa = PBXFileReference; fileEncoding = 4; lastKnownFileType = sourcecode.c.h; path = "UIFont+FontAwesome.h"; sourceTree = "<group>"; };
		EA44BF5C177E2F9C004B58BB /* UIFont+FontAwesome.m */ = {isa = PBXFileReference; fileEncoding = 4; lastKnownFileType = sourcecode.c.objc; path = "UIFont+FontAwesome.m"; sourceTree = "<group>"; };
		EA44BF731780B899004B58BB /* exclamation-sign.png */ = {isa = PBXFileReference; lastKnownFileType = image.png; path = "exclamation-sign.png"; sourceTree = "<group>"; };
		EAE5EF5B17810F2A0091940B /* exclamation-sign@2x.png */ = {isa = PBXFileReference; lastKnownFileType = image.png; path = "exclamation-sign@2x.png"; sourceTree = "<group>"; };
		EAE5EF5D17810F5A0091940B /* PPSearchViewController.h */ = {isa = PBXFileReference; fileEncoding = 4; lastKnownFileType = sourcecode.c.h; path = PPSearchViewController.h; sourceTree = "<group>"; };
		EAE5EF5E17810F5A0091940B /* PPSearchViewController.m */ = {isa = PBXFileReference; fileEncoding = 4; lastKnownFileType = sourcecode.c.objc; path = PPSearchViewController.m; sourceTree = "<group>"; };
		EAE5EF601781203B0091940B /* PPSongViewController.h */ = {isa = PBXFileReference; fileEncoding = 4; lastKnownFileType = sourcecode.c.h; path = PPSongViewController.h; sourceTree = "<group>"; };
		EAE5EF611781203C0091940B /* PPSongViewController.m */ = {isa = PBXFileReference; fileEncoding = 4; lastKnownFileType = sourcecode.c.objc; path = PPSongViewController.m; sourceTree = "<group>"; };
		EAE5EF63178127F80091940B /* PPPlaylistsViewController.h */ = {isa = PBXFileReference; fileEncoding = 4; lastKnownFileType = sourcecode.c.h; path = PPPlaylistsViewController.h; sourceTree = "<group>"; };
		EAE5EF64178127F80091940B /* PPPlaylistsViewController.m */ = {isa = PBXFileReference; fileEncoding = 4; lastKnownFileType = sourcecode.c.objc; path = PPPlaylistsViewController.m; sourceTree = "<group>"; };
		EAE5EF66178129EB0091940B /* PPPlaylistViewController.h */ = {isa = PBXFileReference; fileEncoding = 4; lastKnownFileType = sourcecode.c.h; path = PPPlaylistViewController.h; sourceTree = "<group>"; };
		EAE5EF67178129EB0091940B /* PPPlaylistViewController.m */ = {isa = PBXFileReference; fileEncoding = 4; lastKnownFileType = sourcecode.c.objc; path = PPPlaylistViewController.m; sourceTree = "<group>"; };
		EAE5EF691781AA3E0091940B /* PPCurrentPlaylistViewController.h */ = {isa = PBXFileReference; fileEncoding = 4; lastKnownFileType = sourcecode.c.h; path = PPCurrentPlaylistViewController.h; sourceTree = "<group>"; };
		EAE5EF6A1781AA3E0091940B /* PPCurrentPlaylistViewController.m */ = {isa = PBXFileReference; fileEncoding = 4; lastKnownFileType = sourcecode.c.objc; path = PPCurrentPlaylistViewController.m; sourceTree = "<group>"; };
		EAE5EF6C17822F1A0091940B /* private.plist */ = {isa = PBXFileReference; fileEncoding = 4; lastKnownFileType = text.plist.xml; path = private.plist; sourceTree = "<group>"; };
		EAE5EF73178362D10091940B /* 0-selected.png */ = {isa = PBXFileReference; lastKnownFileType = image.png; path = "0-selected.png"; sourceTree = "<group>"; };
		EAE5EF74178362D10091940B /* 0-selected@2x.png */ = {isa = PBXFileReference; lastKnownFileType = image.png; path = "0-selected@2x.png"; sourceTree = "<group>"; };
		EAE5EF75178362D10091940B /* 0.png */ = {isa = PBXFileReference; lastKnownFileType = image.png; path = 0.png; sourceTree = "<group>"; };
		EAE5EF76178362D10091940B /* 0@2x.png */ = {isa = PBXFileReference; lastKnownFileType = image.png; path = "0@2x.png"; sourceTree = "<group>"; };
		EAE5EF77178362D10091940B /* 1-selected.png */ = {isa = PBXFileReference; lastKnownFileType = image.png; path = "1-selected.png"; sourceTree = "<group>"; };
		EAE5EF78178362D10091940B /* 1-selected@2x.png */ = {isa = PBXFileReference; lastKnownFileType = image.png; path = "1-selected@2x.png"; sourceTree = "<group>"; };
		EAE5EF79178362D10091940B /* 1.png */ = {isa = PBXFileReference; lastKnownFileType = image.png; path = 1.png; sourceTree = "<group>"; };
		EAE5EF7A178362D10091940B /* 1@2x.png */ = {isa = PBXFileReference; lastKnownFileType = image.png; path = "1@2x.png"; sourceTree = "<group>"; };
		EAE5EF7B178362D10091940B /* 2-selected.png */ = {isa = PBXFileReference; lastKnownFileType = image.png; path = "2-selected.png"; sourceTree = "<group>"; };
		EAE5EF7C178362D10091940B /* 2-selected@2x.png */ = {isa = PBXFileReference; lastKnownFileType = image.png; path = "2-selected@2x.png"; sourceTree = "<group>"; };
		EAE5EF7D178362D10091940B /* 2.png */ = {isa = PBXFileReference; lastKnownFileType = image.png; path = 2.png; sourceTree = "<group>"; };
		EAE5EF7E178362D10091940B /* 2@2x.png */ = {isa = PBXFileReference; lastKnownFileType = image.png; path = "2@2x.png"; sourceTree = "<group>"; };
		EAE5EF7F178362D10091940B /* 3-selected.png */ = {isa = PBXFileReference; lastKnownFileType = image.png; path = "3-selected.png"; sourceTree = "<group>"; };
		EAE5EF80178362D10091940B /* 3-selected@2x.png */ = {isa = PBXFileReference; lastKnownFileType = image.png; path = "3-selected@2x.png"; sourceTree = "<group>"; };
		EAE5EF81178362D10091940B /* 3.png */ = {isa = PBXFileReference; lastKnownFileType = image.png; path = 3.png; sourceTree = "<group>"; };
		EAE5EF82178362D10091940B /* 3@2x.png */ = {isa = PBXFileReference; lastKnownFileType = image.png; path = "3@2x.png"; sourceTree = "<group>"; };
		EAE5EF83178362D10091940B /* 4-selected.png */ = {isa = PBXFileReference; lastKnownFileType = image.png; path = "4-selected.png"; sourceTree = "<group>"; };
		EAE5EF84178362D10091940B /* 4-selected@2x.png */ = {isa = PBXFileReference; lastKnownFileType = image.png; path = "4-selected@2x.png"; sourceTree = "<group>"; };
		EAE5EF85178362D10091940B /* 4.png */ = {isa = PBXFileReference; lastKnownFileType = image.png; path = 4.png; sourceTree = "<group>"; };
		EAE5EF86178362D10091940B /* 4@2x.png */ = {isa = PBXFileReference; lastKnownFileType = image.png; path = "4@2x.png"; sourceTree = "<group>"; };
		EAE5EF87178362D10091940B /* 5-selected.png */ = {isa = PBXFileReference; lastKnownFileType = image.png; path = "5-selected.png"; sourceTree = "<group>"; };
		EAE5EF88178362D10091940B /* 5-selected@2x.png */ = {isa = PBXFileReference; lastKnownFileType = image.png; path = "5-selected@2x.png"; sourceTree = "<group>"; };
		EAE5EF89178362D10091940B /* 5.png */ = {isa = PBXFileReference; lastKnownFileType = image.png; path = 5.png; sourceTree = "<group>"; };
		EAE5EF8A178362D10091940B /* 5@2x.png */ = {isa = PBXFileReference; lastKnownFileType = image.png; path = "5@2x.png"; sourceTree = "<group>"; };
		EAE5EF8B178362D10091940B /* 6-selected.png */ = {isa = PBXFileReference; lastKnownFileType = image.png; path = "6-selected.png"; sourceTree = "<group>"; };
		EAE5EF8C178362D10091940B /* 6-selected@2x.png */ = {isa = PBXFileReference; lastKnownFileType = image.png; path = "6-selected@2x.png"; sourceTree = "<group>"; };
		EAE5EF8D178362D10091940B /* 6.png */ = {isa = PBXFileReference; lastKnownFileType = image.png; path = 6.png; sourceTree = "<group>"; };
		EAE5EF8E178362D10091940B /* 6@2x.png */ = {isa = PBXFileReference; lastKnownFileType = image.png; path = "6@2x.png"; sourceTree = "<group>"; };
		EAE5EF8F178362D10091940B /* 7-selected.png */ = {isa = PBXFileReference; lastKnownFileType = image.png; path = "7-selected.png"; sourceTree = "<group>"; };
		EAE5EF90178362D10091940B /* 7-selected@2x.png */ = {isa = PBXFileReference; lastKnownFileType = image.png; path = "7-selected@2x.png"; sourceTree = "<group>"; };
		EAE5EF91178362D10091940B /* 7.png */ = {isa = PBXFileReference; lastKnownFileType = image.png; path = 7.png; sourceTree = "<group>"; };
		EAE5EF92178362D10091940B /* 7@2x.png */ = {isa = PBXFileReference; lastKnownFileType = image.png; path = "7@2x.png"; sourceTree = "<group>"; };
		EAE5EF93178362D10091940B /* 8-selected.png */ = {isa = PBXFileReference; lastKnownFileType = image.png; path = "8-selected.png"; sourceTree = "<group>"; };
		EAE5EF94178362D10091940B /* 8-selected@2x.png */ = {isa = PBXFileReference; lastKnownFileType = image.png; path = "8-selected@2x.png"; sourceTree = "<group>"; };
		EAE5EF95178362D10091940B /* 8.png */ = {isa = PBXFileReference; lastKnownFileType = image.png; path = 8.png; sourceTree = "<group>"; };
		EAE5EF96178362D10091940B /* 8@2x.png */ = {isa = PBXFileReference; lastKnownFileType = image.png; path = "8@2x.png"; sourceTree = "<group>"; };
		EAE5EF97178362D10091940B /* 9-selected.png */ = {isa = PBXFileReference; lastKnownFileType = image.png; path = "9-selected.png"; sourceTree = "<group>"; };
		EAE5EF98178362D10091940B /* 9-selected@2x.png */ = {isa = PBXFileReference; lastKnownFileType = image.png; path = "9-selected@2x.png"; sourceTree = "<group>"; };
		EAE5EF99178362D10091940B /* 9.png */ = {isa = PBXFileReference; lastKnownFileType = image.png; path = 9.png; sourceTree = "<group>"; };
		EAE5EF9A178362D10091940B /* 9@2x.png */ = {isa = PBXFileReference; lastKnownFileType = image.png; path = "9@2x.png"; sourceTree = "<group>"; };
		EAE5EF9B178362D10091940B /* blank.png */ = {isa = PBXFileReference; lastKnownFileType = image.png; path = blank.png; sourceTree = "<group>"; };
		EAE5EF9C178362D10091940B /* blank@2x.png */ = {isa = PBXFileReference; lastKnownFileType = image.png; path = "blank@2x.png"; sourceTree = "<group>"; };
		EAE5EF9D178362D10091940B /* clear-selected.png */ = {isa = PBXFileReference; lastKnownFileType = image.png; path = "clear-selected.png"; sourceTree = "<group>"; };
		EAE5EF9E178362D10091940B /* clear-selected@2x.png */ = {isa = PBXFileReference; lastKnownFileType = image.png; path = "clear-selected@2x.png"; sourceTree = "<group>"; };
		EAE5EF9F178362D10091940B /* clear.png */ = {isa = PBXFileReference; lastKnownFileType = image.png; path = clear.png; sourceTree = "<group>"; };
		EAE5EFA0178362D10091940B /* clear@2x.png */ = {isa = PBXFileReference; lastKnownFileType = image.png; path = "clear@2x.png"; sourceTree = "<group>"; };
		EAE5EFA1178362D10091940B /* EntryBox.png */ = {isa = PBXFileReference; lastKnownFileType = image.png; path = EntryBox.png; sourceTree = "<group>"; };
		EAE5EFA2178362D10091940B /* EntryBox@2x.png */ = {isa = PBXFileReference; lastKnownFileType = image.png; path = "EntryBox@2x.png"; sourceTree = "<group>"; };
		EAE5EFA3178362D10091940B /* EntryBox_entry.png */ = {isa = PBXFileReference; lastKnownFileType = image.png; path = EntryBox_entry.png; sourceTree = "<group>"; };
		EAE5EFA4178362D10091940B /* EntryBox_entry@2x.png */ = {isa = PBXFileReference; lastKnownFileType = image.png; path = "EntryBox_entry@2x.png"; sourceTree = "<group>"; };
		EAE5EFA5178362D10091940B /* error-box.png */ = {isa = PBXFileReference; lastKnownFileType = image.png; path = "error-box.png"; sourceTree = "<group>"; };
		EAE5EFA6178362D10091940B /* error-box@2x.png */ = {isa = PBXFileReference; lastKnownFileType = image.png; path = "error-box@2x.png"; sourceTree = "<group>"; };
		EAE5EFA8178362D10091940B /* ABPadLockScreenController.h */ = {isa = PBXFileReference; fileEncoding = 4; lastKnownFileType = sourcecode.c.h; path = ABPadLockScreenController.h; sourceTree = "<group>"; };
		EAE5EFA9178362D10091940B /* ABPadLockScreenController.m */ = {isa = PBXFileReference; fileEncoding = 4; lastKnownFileType = sourcecode.c.objc; path = ABPadLockScreenController.m; sourceTree = "<group>"; };
		EAE5EFAB178362D10091940B /* ABPadLockScreenView_iPad.h */ = {isa = PBXFileReference; fileEncoding = 4; lastKnownFileType = sourcecode.c.h; path = ABPadLockScreenView_iPad.h; sourceTree = "<group>"; };
		EAE5EFAC178362D10091940B /* ABPadLockScreenView_iPad.m */ = {isa = PBXFileReference; fileEncoding = 4; lastKnownFileType = sourcecode.c.objc; path = ABPadLockScreenView_iPad.m; sourceTree = "<group>"; };
		EAE5EFAD178362D10091940B /* ABPadLockScreenView_iPhone.h */ = {isa = PBXFileReference; fileEncoding = 4; lastKnownFileType = sourcecode.c.h; path = ABPadLockScreenView_iPhone.h; sourceTree = "<group>"; };
		EAE5EFAE178362D10091940B /* ABPadLockScreenView_iPhone.m */ = {isa = PBXFileReference; fileEncoding = 4; lastKnownFileType = sourcecode.c.objc; path = ABPadLockScreenView_iPhone.m; sourceTree = "<group>"; };
/* End PBXFileReference section */

/* Begin PBXFrameworksBuildPhase section */
		EA44BF23177C9AE4004B58BB /* Frameworks */ = {
			isa = PBXFrameworksBuildPhase;
			buildActionMask = 2147483647;
			files = (
				EA44BF2A177C9AE4004B58BB /* UIKit.framework in Frameworks */,
				EA44BF2C177C9AE4004B58BB /* Foundation.framework in Frameworks */,
				EA44BF2E177C9AE4004B58BB /* CoreGraphics.framework in Frameworks */,
				A21FFEBC4BC049868F3D8B7F /* libPods.a in Frameworks */,
			);
			runOnlyForDeploymentPostprocessing = 0;
		};
/* End PBXFrameworksBuildPhase section */

/* Begin PBXGroup section */
		EA44BF1D177C9AE4004B58BB = {
			isa = PBXGroup;
			children = (
				EAE5EF71178362D10091940B /* ABPadLockScreen */,
				EA44BF2F177C9AE4004B58BB /* PartyPi */,
				EA44BF28177C9AE4004B58BB /* Frameworks */,
				EA44BF27177C9AE4004B58BB /* Products */,
				3B36A18069D04EBD88AAE8DC /* Pods.xcconfig */,
			);
			sourceTree = "<group>";
		};
		EA44BF27177C9AE4004B58BB /* Products */ = {
			isa = PBXGroup;
			children = (
				EA44BF26177C9AE4004B58BB /* PartyPi.app */,
			);
			name = Products;
			sourceTree = "<group>";
		};
		EA44BF28177C9AE4004B58BB /* Frameworks */ = {
			isa = PBXGroup;
			children = (
				EA44BF29177C9AE4004B58BB /* UIKit.framework */,
				EA44BF2B177C9AE4004B58BB /* Foundation.framework */,
				EA44BF2D177C9AE4004B58BB /* CoreGraphics.framework */,
				7B0C3D004A70467FB3936F63 /* libPods.a */,
			);
			name = Frameworks;
			sourceTree = "<group>";
		};
		EA44BF2F177C9AE4004B58BB /* PartyPi */ = {
			isa = PBXGroup;
			children = (
				EA44BF55177E2F9C004B58BB /* FontAwesome */,
				EA44BF721780B899004B58BB /* images */,
				EA44BF38177C9AE4004B58BB /* PPAppDelegate.h */,
				EA44BF39177C9AE4004B58BB /* PPAppDelegate.m */,
				EA44BF41177C9AE4004B58BB /* MainStoryboard.storyboard */,
				EA44BF30177C9AE4004B58BB /* Supporting Files */,
				EA44BF4C177E0DD0004B58BB /* PPJukeboxesViewController.h */,
				EA44BF4D177E0DD0004B58BB /* PPJukeboxesViewController.m */,
				EA44BF4F177E0F2F004B58BB /* PPUDPClient.h */,
				EA44BF50177E0F2F004B58BB /* PPUDPClient.m */,
				EA44BF52177E286B004B58BB /* PPNowPlayingViewController.h */,
				EA44BF53177E286B004B58BB /* PPNowPlayingViewController.m */,
				EAE5EF5D17810F5A0091940B /* PPSearchViewController.h */,
				EAE5EF5E17810F5A0091940B /* PPSearchViewController.m */,
				EAE5EF601781203B0091940B /* PPSongViewController.h */,
				EAE5EF611781203C0091940B /* PPSongViewController.m */,
				EAE5EF63178127F80091940B /* PPPlaylistsViewController.h */,
				EAE5EF64178127F80091940B /* PPPlaylistsViewController.m */,
				EAE5EF66178129EB0091940B /* PPPlaylistViewController.h */,
				EAE5EF67178129EB0091940B /* PPPlaylistViewController.m */,
				EAE5EF691781AA3E0091940B /* PPCurrentPlaylistViewController.h */,
				EAE5EF6A1781AA3E0091940B /* PPCurrentPlaylistViewController.m */,
			);
			path = PartyPi;
			sourceTree = "<group>";
		};
		EA44BF30177C9AE4004B58BB /* Supporting Files */ = {
			isa = PBXGroup;
			children = (
				EA44BF31177C9AE4004B58BB /* PartyPi-Info.plist */,
				EA44BF32177C9AE4004B58BB /* InfoPlist.strings */,
				EA44BF35177C9AE4004B58BB /* main.m */,
				EA44BF37177C9AE4004B58BB /* PartyPi-Prefix.pch */,
				EA44BF3B177C9AE4004B58BB /* Default.png */,
				EA44BF3D177C9AE4004B58BB /* Default@2x.png */,
				EA44BF3F177C9AE4004B58BB /* Default-568h@2x.png */,
				EAE5EF6C17822F1A0091940B /* private.plist */,
			);
			name = "Supporting Files";
			sourceTree = "<group>";
		};
		EA44BF55177E2F9C004B58BB /* FontAwesome */ = {
			isa = PBXGroup;
			children = (
				EA44BF56177E2F9C004B58BB /* FAImageView.h */,
				EA44BF57177E2F9C004B58BB /* FAImageView.m */,
				EA44BF58177E2F9C004B58BB /* FontAwesome.ttf */,
				EA44BF59177E2F9C004B58BB /* NSString+FontAwesome.h */,
				EA44BF5A177E2F9C004B58BB /* NSString+FontAwesome.m */,
				EA44BF5B177E2F9C004B58BB /* UIFont+FontAwesome.h */,
				EA44BF5C177E2F9C004B58BB /* UIFont+FontAwesome.m */,
			);
			path = FontAwesome;
			sourceTree = "<group>";
		};
		EA44BF721780B899004B58BB /* images */ = {
			isa = PBXGroup;
			children = (
				EAE5EF5B17810F2A0091940B /* exclamation-sign@2x.png */,
				EA44BF731780B899004B58BB /* exclamation-sign.png */,
			);
			path = images;
			sourceTree = "<group>";
		};
		EAE5EF71178362D10091940B /* ABPadLockScreen */ = {
			isa = PBXGroup;
			children = (
				EAE5EF72178362D10091940B /* Assets */,
				EAE5EFA7178362D10091940B /* Controller */,
				EAE5EFAA178362D10091940B /* Views */,
			);
			name = ABPadLockScreen;
			path = Frameworks/ABPadLockScreen;
			sourceTree = "<group>";
		};
		EAE5EF72178362D10091940B /* Assets */ = {
			isa = PBXGroup;
			children = (
				EAE5EF73178362D10091940B /* 0-selected.png */,
				EAE5EF74178362D10091940B /* 0-selected@2x.png */,
				EAE5EF75178362D10091940B /* 0.png */,
				EAE5EF76178362D10091940B /* 0@2x.png */,
				EAE5EF77178362D10091940B /* 1-selected.png */,
				EAE5EF78178362D10091940B /* 1-selected@2x.png */,
				EAE5EF79178362D10091940B /* 1.png */,
				EAE5EF7A178362D10091940B /* 1@2x.png */,
				EAE5EF7B178362D10091940B /* 2-selected.png */,
				EAE5EF7C178362D10091940B /* 2-selected@2x.png */,
				EAE5EF7D178362D10091940B /* 2.png */,
				EAE5EF7E178362D10091940B /* 2@2x.png */,
				EAE5EF7F178362D10091940B /* 3-selected.png */,
				EAE5EF80178362D10091940B /* 3-selected@2x.png */,
				EAE5EF81178362D10091940B /* 3.png */,
				EAE5EF82178362D10091940B /* 3@2x.png */,
				EAE5EF83178362D10091940B /* 4-selected.png */,
				EAE5EF84178362D10091940B /* 4-selected@2x.png */,
				EAE5EF85178362D10091940B /* 4.png */,
				EAE5EF86178362D10091940B /* 4@2x.png */,
				EAE5EF87178362D10091940B /* 5-selected.png */,
				EAE5EF88178362D10091940B /* 5-selected@2x.png */,
				EAE5EF89178362D10091940B /* 5.png */,
				EAE5EF8A178362D10091940B /* 5@2x.png */,
				EAE5EF8B178362D10091940B /* 6-selected.png */,
				EAE5EF8C178362D10091940B /* 6-selected@2x.png */,
				EAE5EF8D178362D10091940B /* 6.png */,
				EAE5EF8E178362D10091940B /* 6@2x.png */,
				EAE5EF8F178362D10091940B /* 7-selected.png */,
				EAE5EF90178362D10091940B /* 7-selected@2x.png */,
				EAE5EF91178362D10091940B /* 7.png */,
				EAE5EF92178362D10091940B /* 7@2x.png */,
				EAE5EF93178362D10091940B /* 8-selected.png */,
				EAE5EF94178362D10091940B /* 8-selected@2x.png */,
				EAE5EF95178362D10091940B /* 8.png */,
				EAE5EF96178362D10091940B /* 8@2x.png */,
				EAE5EF97178362D10091940B /* 9-selected.png */,
				EAE5EF98178362D10091940B /* 9-selected@2x.png */,
				EAE5EF99178362D10091940B /* 9.png */,
				EAE5EF9A178362D10091940B /* 9@2x.png */,
				EAE5EF9B178362D10091940B /* blank.png */,
				EAE5EF9C178362D10091940B /* blank@2x.png */,
				EAE5EF9D178362D10091940B /* clear-selected.png */,
				EAE5EF9E178362D10091940B /* clear-selected@2x.png */,
				EAE5EF9F178362D10091940B /* clear.png */,
				EAE5EFA0178362D10091940B /* clear@2x.png */,
				EAE5EFA1178362D10091940B /* EntryBox.png */,
				EAE5EFA2178362D10091940B /* EntryBox@2x.png */,
				EAE5EFA3178362D10091940B /* EntryBox_entry.png */,
				EAE5EFA4178362D10091940B /* EntryBox_entry@2x.png */,
				EAE5EFA5178362D10091940B /* error-box.png */,
				EAE5EFA6178362D10091940B /* error-box@2x.png */,
			);
			path = Assets;
			sourceTree = "<group>";
		};
		EAE5EFA7178362D10091940B /* Controller */ = {
			isa = PBXGroup;
			children = (
				EAE5EFA8178362D10091940B /* ABPadLockScreenController.h */,
				EAE5EFA9178362D10091940B /* ABPadLockScreenController.m */,
			);
			path = Controller;
			sourceTree = "<group>";
		};
		EAE5EFAA178362D10091940B /* Views */ = {
			isa = PBXGroup;
			children = (
				EAE5EFAB178362D10091940B /* ABPadLockScreenView_iPad.h */,
				EAE5EFAC178362D10091940B /* ABPadLockScreenView_iPad.m */,
				EAE5EFAD178362D10091940B /* ABPadLockScreenView_iPhone.h */,
				EAE5EFAE178362D10091940B /* ABPadLockScreenView_iPhone.m */,
			);
			path = Views;
			sourceTree = "<group>";
		};
/* End PBXGroup section */

/* Begin PBXNativeTarget section */
		EA44BF25177C9AE4004B58BB /* PartyPi */ = {
			isa = PBXNativeTarget;
			buildConfigurationList = EA44BF49177C9AE4004B58BB /* Build configuration list for PBXNativeTarget "PartyPi" */;
			buildPhases = (
				BBC28F7FD81B49C6B9485338 /* Check Pods Manifest.lock */,
				EA44BF22177C9AE4004B58BB /* Sources */,
				EA44BF23177C9AE4004B58BB /* Frameworks */,
				EA44BF24177C9AE4004B58BB /* Resources */,
				82E1835A2E39428E82C774EC /* Copy Pods Resources */,
			);
			buildRules = (
			);
			dependencies = (
			);
			name = PartyPi;
			productName = PartyPi;
			productReference = EA44BF26177C9AE4004B58BB /* PartyPi.app */;
			productType = "com.apple.product-type.application";
		};
/* End PBXNativeTarget section */

/* Begin PBXProject section */
		EA44BF1E177C9AE4004B58BB /* Project object */ = {
			isa = PBXProject;
			attributes = {
				CLASSPREFIX = PP;
				LastUpgradeCheck = 0460;
				ORGANIZATIONNAME = "Tony DiPasquale";
			};
			buildConfigurationList = EA44BF21177C9AE4004B58BB /* Build configuration list for PBXProject "PartyPi" */;
			compatibilityVersion = "Xcode 3.2";
			developmentRegion = English;
			hasScannedForEncodings = 0;
			knownRegions = (
				en,
			);
			mainGroup = EA44BF1D177C9AE4004B58BB;
			productRefGroup = EA44BF27177C9AE4004B58BB /* Products */;
			projectDirPath = "";
			projectRoot = "";
			targets = (
				EA44BF25177C9AE4004B58BB /* PartyPi */,
			);
		};
/* End PBXProject section */

/* Begin PBXResourcesBuildPhase section */
		EA44BF24177C9AE4004B58BB /* Resources */ = {
			isa = PBXResourcesBuildPhase;
			buildActionMask = 2147483647;
			files = (
				EA44BF34177C9AE4004B58BB /* InfoPlist.strings in Resources */,
				EA44BF3C177C9AE4004B58BB /* Default.png in Resources */,
				EA44BF3E177C9AE4004B58BB /* Default@2x.png in Resources */,
				EA44BF40177C9AE4004B58BB /* Default-568h@2x.png in Resources */,
				EA44BF43177C9AE4004B58BB /* MainStoryboard.storyboard in Resources */,
				EA44BF5E177E2F9C004B58BB /* FontAwesome.ttf in Resources */,
				EA44BF741780B899004B58BB /* exclamation-sign.png in Resources */,
				EAE5EF5C17810F2A0091940B /* exclamation-sign@2x.png in Resources */,
				EAE5EF6D17822F1A0091940B /* private.plist in Resources */,
				EAE5EFAF178362D10091940B /* 0-selected.png in Resources */,
				EAE5EFB0178362D10091940B /* 0-selected@2x.png in Resources */,
				EAE5EFB1178362D10091940B /* 0.png in Resources */,
				EAE5EFB2178362D10091940B /* 0@2x.png in Resources */,
				EAE5EFB3178362D10091940B /* 1-selected.png in Resources */,
				EAE5EFB4178362D10091940B /* 1-selected@2x.png in Resources */,
				EAE5EFB5178362D10091940B /* 1.png in Resources */,
				EAE5EFB6178362D10091940B /* 1@2x.png in Resources */,
				EAE5EFB7178362D10091940B /* 2-selected.png in Resources */,
				EAE5EFB8178362D10091940B /* 2-selected@2x.png in Resources */,
				EAE5EFB9178362D10091940B /* 2.png in Resources */,
				EAE5EFBA178362D10091940B /* 2@2x.png in Resources */,
				EAE5EFBB178362D10091940B /* 3-selected.png in Resources */,
				EAE5EFBC178362D10091940B /* 3-selected@2x.png in Resources */,
				EAE5EFBD178362D10091940B /* 3.png in Resources */,
				EAE5EFBE178362D10091940B /* 3@2x.png in Resources */,
				EAE5EFBF178362D10091940B /* 4-selected.png in Resources */,
				EAE5EFC0178362D10091940B /* 4-selected@2x.png in Resources */,
				EAE5EFC1178362D10091940B /* 4.png in Resources */,
				EAE5EFC2178362D10091940B /* 4@2x.png in Resources */,
				EAE5EFC3178362D10091940B /* 5-selected.png in Resources */,
				EAE5EFC4178362D10091940B /* 5-selected@2x.png in Resources */,
				EAE5EFC5178362D10091940B /* 5.png in Resources */,
				EAE5EFC6178362D10091940B /* 5@2x.png in Resources */,
				EAE5EFC7178362D10091940B /* 6-selected.png in Resources */,
				EAE5EFC8178362D10091940B /* 6-selected@2x.png in Resources */,
				EAE5EFC9178362D10091940B /* 6.png in Resources */,
				EAE5EFCA178362D10091940B /* 6@2x.png in Resources */,
				EAE5EFCB178362D10091940B /* 7-selected.png in Resources */,
				EAE5EFCC178362D10091940B /* 7-selected@2x.png in Resources */,
				EAE5EFCD178362D10091940B /* 7.png in Resources */,
				EAE5EFCE178362D10091940B /* 7@2x.png in Resources */,
				EAE5EFCF178362D10091940B /* 8-selected.png in Resources */,
				EAE5EFD0178362D10091940B /* 8-selected@2x.png in Resources */,
				EAE5EFD1178362D10091940B /* 8.png in Resources */,
				EAE5EFD2178362D10091940B /* 8@2x.png in Resources */,
				EAE5EFD3178362D10091940B /* 9-selected.png in Resources */,
				EAE5EFD4178362D10091940B /* 9-selected@2x.png in Resources */,
				EAE5EFD5178362D10091940B /* 9.png in Resources */,
				EAE5EFD6178362D10091940B /* 9@2x.png in Resources */,
				EAE5EFD7178362D10091940B /* blank.png in Resources */,
				EAE5EFD8178362D10091940B /* blank@2x.png in Resources */,
				EAE5EFD9178362D10091940B /* clear-selected.png in Resources */,
				EAE5EFDA178362D10091940B /* clear-selected@2x.png in Resources */,
				EAE5EFDB178362D10091940B /* clear.png in Resources */,
				EAE5EFDC178362D10091940B /* clear@2x.png in Resources */,
				EAE5EFDD178362D10091940B /* EntryBox.png in Resources */,
				EAE5EFDE178362D10091940B /* EntryBox@2x.png in Resources */,
				EAE5EFDF178362D10091940B /* EntryBox_entry.png in Resources */,
				EAE5EFE0178362D10091940B /* EntryBox_entry@2x.png in Resources */,
				EAE5EFE1178362D10091940B /* error-box.png in Resources */,
				EAE5EFE2178362D10091940B /* error-box@2x.png in Resources */,
			);
			runOnlyForDeploymentPostprocessing = 0;
		};
/* End PBXResourcesBuildPhase section */

/* Begin PBXShellScriptBuildPhase section */
		82E1835A2E39428E82C774EC /* Copy Pods Resources */ = {
			isa = PBXShellScriptBuildPhase;
			buildActionMask = 2147483647;
			files = (
			);
			inputPaths = (
			);
			name = "Copy Pods Resources";
			outputPaths = (
			);
			runOnlyForDeploymentPostprocessing = 0;
			shellPath = /bin/sh;
			shellScript = "\"${SRCROOT}/Pods/Pods-resources.sh\"\n";
		};
		BBC28F7FD81B49C6B9485338 /* Check Pods Manifest.lock */ = {
			isa = PBXShellScriptBuildPhase;
			buildActionMask = 2147483647;
			files = (
			);
			inputPaths = (
			);
			name = "Check Pods Manifest.lock";
			outputPaths = (
			);
			runOnlyForDeploymentPostprocessing = 0;
			shellPath = /bin/sh;
			shellScript = "diff \"${PODS_ROOT}/../Podfile.lock\" \"${PODS_ROOT}/Manifest.lock\" > /dev/null\nif [[ $? != 0 ]] ; then\n    cat << EOM\nerror: The sandbox is not in sync with the Podfile.lock. Run 'pod install' or update your CocoaPods installation.\nEOM\n    exit 1\nfi\n";
		};
/* End PBXShellScriptBuildPhase section */

/* Begin PBXSourcesBuildPhase section */
		EA44BF22177C9AE4004B58BB /* Sources */ = {
			isa = PBXSourcesBuildPhase;
			buildActionMask = 2147483647;
			files = (
				EA44BF36177C9AE4004B58BB /* main.m in Sources */,
				EA44BF3A177C9AE4004B58BB /* PPAppDelegate.m in Sources */,
				EA44BF4E177E0DD0004B58BB /* PPJukeboxesViewController.m in Sources */,
				EA44BF51177E0F2F004B58BB /* PPUDPClient.m in Sources */,
				EA44BF54177E286B004B58BB /* PPNowPlayingViewController.m in Sources */,
				EA44BF5D177E2F9C004B58BB /* FAImageView.m in Sources */,
				EA44BF5F177E2F9C004B58BB /* NSString+FontAwesome.m in Sources */,
				EA44BF60177E2F9C004B58BB /* UIFont+FontAwesome.m in Sources */,
				EAE5EF5F17810F5A0091940B /* PPSearchViewController.m in Sources */,
				EAE5EF621781203C0091940B /* PPSongViewController.m in Sources */,
				EAE5EF65178127F80091940B /* PPPlaylistsViewController.m in Sources */,
				EAE5EF68178129EB0091940B /* PPPlaylistViewController.m in Sources */,
				EAE5EF6B1781AA3E0091940B /* PPCurrentPlaylistViewController.m in Sources */,
				EAE5EFE3178362D10091940B /* ABPadLockScreenController.m in Sources */,
				EAE5EFE4178362D10091940B /* ABPadLockScreenView_iPad.m in Sources */,
				EAE5EFE5178362D10091940B /* ABPadLockScreenView_iPhone.m in Sources */,
			);
			runOnlyForDeploymentPostprocessing = 0;
		};
/* End PBXSourcesBuildPhase section */

/* Begin PBXVariantGroup section */
		EA44BF32177C9AE4004B58BB /* InfoPlist.strings */ = {
			isa = PBXVariantGroup;
			children = (
				EA44BF33177C9AE4004B58BB /* en */,
			);
			name = InfoPlist.strings;
			sourceTree = "<group>";
		};
		EA44BF41177C9AE4004B58BB /* MainStoryboard.storyboard */ = {
			isa = PBXVariantGroup;
			children = (
				EA44BF42177C9AE4004B58BB /* en */,
			);
			name = MainStoryboard.storyboard;
			sourceTree = "<group>";
		};
/* End PBXVariantGroup section */

/* Begin XCBuildConfiguration section */
		EA44BF47177C9AE4004B58BB /* Debug */ = {
			isa = XCBuildConfiguration;
			buildSettings = {
				ALWAYS_SEARCH_USER_PATHS = NO;
				CLANG_CXX_LANGUAGE_STANDARD = "gnu++0x";
				CLANG_CXX_LIBRARY = "libc++";
				CLANG_ENABLE_OBJC_ARC = YES;
				CLANG_WARN_CONSTANT_CONVERSION = YES;
				CLANG_WARN_EMPTY_BODY = YES;
				CLANG_WARN_ENUM_CONVERSION = YES;
				CLANG_WARN_INT_CONVERSION = YES;
				CLANG_WARN__DUPLICATE_METHOD_MATCH = YES;
				"CODE_SIGN_IDENTITY[sdk=iphoneos*]" = "iPhone Developer";
				COPY_PHASE_STRIP = NO;
				GCC_C_LANGUAGE_STANDARD = gnu99;
				GCC_DYNAMIC_NO_PIC = NO;
				GCC_OPTIMIZATION_LEVEL = 0;
				GCC_PREPROCESSOR_DEFINITIONS = (
					"DEBUG=1",
					"$(inherited)",
				);
				GCC_SYMBOLS_PRIVATE_EXTERN = NO;
				GCC_WARN_ABOUT_RETURN_TYPE = YES;
				GCC_WARN_UNINITIALIZED_AUTOS = YES;
				GCC_WARN_UNUSED_VARIABLE = YES;
				IPHONEOS_DEPLOYMENT_TARGET = 6.1;
				ONLY_ACTIVE_ARCH = YES;
				SDKROOT = iphoneos;
			};
			name = Debug;
		};
		EA44BF48177C9AE4004B58BB /* Release */ = {
			isa = XCBuildConfiguration;
			buildSettings = {
				ALWAYS_SEARCH_USER_PATHS = NO;
				CLANG_CXX_LANGUAGE_STANDARD = "gnu++0x";
				CLANG_CXX_LIBRARY = "libc++";
				CLANG_ENABLE_OBJC_ARC = YES;
				CLANG_WARN_CONSTANT_CONVERSION = YES;
				CLANG_WARN_EMPTY_BODY = YES;
				CLANG_WARN_ENUM_CONVERSION = YES;
				CLANG_WARN_INT_CONVERSION = YES;
				CLANG_WARN__DUPLICATE_METHOD_MATCH = YES;
				"CODE_SIGN_IDENTITY[sdk=iphoneos*]" = "iPhone Developer";
				COPY_PHASE_STRIP = YES;
				GCC_C_LANGUAGE_STANDARD = gnu99;
				GCC_WARN_ABOUT_RETURN_TYPE = YES;
				GCC_WARN_UNINITIALIZED_AUTOS = YES;
				GCC_WARN_UNUSED_VARIABLE = YES;
				IPHONEOS_DEPLOYMENT_TARGET = 6.1;
				OTHER_CFLAGS = "-DNS_BLOCK_ASSERTIONS=1";
				SDKROOT = iphoneos;
				VALIDATE_PRODUCT = YES;
			};
			name = Release;
		};
		EA44BF4A177C9AE4004B58BB /* Debug */ = {
			isa = XCBuildConfiguration;
			baseConfigurationReference = 3B36A18069D04EBD88AAE8DC /* Pods.xcconfig */;
			buildSettings = {
				GCC_PRECOMPILE_PREFIX_HEADER = YES;
				GCC_PREFIX_HEADER = "PartyPi/PartyPi-Prefix.pch";
				INFOPLIST_FILE = "PartyPi/PartyPi-Info.plist";
				IPHONEOS_DEPLOYMENT_TARGET = 6.0;
				PRODUCT_NAME = "$(TARGET_NAME)";
				WRAPPER_EXTENSION = app;
			};
			name = Debug;
		};
		EA44BF4B177C9AE4004B58BB /* Release */ = {
			isa = XCBuildConfiguration;
			baseConfigurationReference = 3B36A18069D04EBD88AAE8DC /* Pods.xcconfig */;
			buildSettings = {
				GCC_PRECOMPILE_PREFIX_HEADER = YES;
				GCC_PREFIX_HEADER = "PartyPi/PartyPi-Prefix.pch";
				INFOPLIST_FILE = "PartyPi/PartyPi-Info.plist";
				IPHONEOS_DEPLOYMENT_TARGET = 6.0;
				PRODUCT_NAME = "$(TARGET_NAME)";
				WRAPPER_EXTENSION = app;
			};
			name = Release;
		};
/* End XCBuildConfiguration section */

/* Begin XCConfigurationList section */
		EA44BF21177C9AE4004B58BB /* Build configuration list for PBXProject "PartyPi" */ = {
			isa = XCConfigurationList;
			buildConfigurations = (
				EA44BF47177C9AE4004B58BB /* Debug */,
				EA44BF48177C9AE4004B58BB /* Release */,
			);
			defaultConfigurationIsVisible = 0;
			defaultConfigurationName = Release;
		};
		EA44BF49177C9AE4004B58BB /* Build configuration list for PBXNativeTarget "PartyPi" */ = {
			isa = XCConfigurationList;
			buildConfigurations = (
				EA44BF4A177C9AE4004B58BB /* Debug */,
				EA44BF4B177C9AE4004B58BB /* Release */,
			);
			defaultConfigurationIsVisible = 0;
			defaultConfigurationName = Release;
		};
/* End XCConfigurationList section */
	};
	rootObject = EA44BF1E177C9AE4004B58BB /* Project object */;
}
